// !$*UTF8*$!
{
	archiveVersion = 1;
	classes = {
	};
	objectVersion = 46;
	objects = {

/* Begin PBXBuildFile section */
		B7A42CB81EF4F3220000A41E /* main.m in Sources */ = {isa = PBXBuildFile; fileRef = B7A42CB71EF4F3220000A41E /* main.m */; };
		B7A42CBB1EF4F3220000A41E /* AppDelegate.m in Sources */ = {isa = PBXBuildFile; fileRef = B7A42CBA1EF4F3220000A41E /* AppDelegate.m */; };
		B7A42CBE1EF4F3220000A41E /* ViewController.m in Sources */ = {isa = PBXBuildFile; fileRef = B7A42CBD1EF4F3220000A41E /* ViewController.m */; };
		B7A42CC11EF4F3220000A41E /* Main.storyboard in Resources */ = {isa = PBXBuildFile; fileRef = B7A42CBF1EF4F3220000A41E /* Main.storyboard */; };
		B7A42CC31EF4F3220000A41E /* Assets.xcassets in Resources */ = {isa = PBXBuildFile; fileRef = B7A42CC21EF4F3220000A41E /* Assets.xcassets */; };
		B7A42CC61EF4F3220000A41E /* LaunchScreen.storyboard in Resources */ = {isa = PBXBuildFile; fileRef = B7A42CC41EF4F3220000A41E /* LaunchScreen.storyboard */; };
		B7A42CD11EF4F3BD0000A41E /* UIView+LEEView.m in Sources */ = {isa = PBXBuildFile; fileRef = B7A42CD01EF4F3BD0000A41E /* UIView+LEEView.m */; };
		B7A42CD41EF520E20000A41E /* UIScreen+LEEScreen.m in Sources */ = {isa = PBXBuildFile; fileRef = B7A42CD31EF520E20000A41E /* UIScreen+LEEScreen.m */; };
		B7A42CD71EF521AD0000A41E /* UIColor+LEEColor.m in Sources */ = {isa = PBXBuildFile; fileRef = B7A42CD61EF521AD0000A41E /* UIColor+LEEColor.m */; };
		B7A42CDA1EF5235B0000A41E /* UINavigationController+LEENavigationController.m in Sources */ = {isa = PBXBuildFile; fileRef = B7A42CD91EF5235B0000A41E /* UINavigationController+LEENavigationController.m */; };
		B7A42CDD1EF524940000A41E /* UITextView+LEETextField.m in Sources */ = {isa = PBXBuildFile; fileRef = B7A42CDC1EF524940000A41E /* UITextView+LEETextField.m */; };
		B7A42CE01EF52D340000A41E /* UITextField+LEETextField.m in Sources */ = {isa = PBXBuildFile; fileRef = B7A42CDF1EF52D340000A41E /* UITextField+LEETextField.m */; };
		B7A42CE31EF52FA20000A41E /* UILabel+LEELable.m in Sources */ = {isa = PBXBuildFile; fileRef = B7A42CE21EF52FA20000A41E /* UILabel+LEELable.m */; };
		B7A42CE61EF55C580000A41E /* UIImage+LEEImage.m in Sources */ = {isa = PBXBuildFile; fileRef = B7A42CE51EF55C580000A41E /* UIImage+LEEImage.m */; };
		B7A42CE91EF561720000A41E /* NSString+LEEString.m in Sources */ = {isa = PBXBuildFile; fileRef = B7A42CE81EF561720000A41E /* NSString+LEEString.m */; };
		B7A42CEC1EF5685A0000A41E /* NSObject+LEENSObject.m in Sources */ = {isa = PBXBuildFile; fileRef = B7A42CEB1EF5685A0000A41E /* NSObject+LEENSObject.m */; };
		B7A42CEF1EF569A20000A41E /* NSMutableAttributedString+LEEAttributedString.m in Sources */ = {isa = PBXBuildFile; fileRef = B7A42CEE1EF569A20000A41E /* NSMutableAttributedString+LEEAttributedString.m */; };
		B7A42CF21EF5731D0000A41E /* NSArray+LEENSArray.m in Sources */ = {isa = PBXBuildFile; fileRef = B7A42CF11EF5731D0000A41E /* NSArray+LEENSArray.m */; };
		B7A42CF51EF573730000A41E /* NSDictionary+LEENSDictionary.m in Sources */ = {isa = PBXBuildFile; fileRef = B7A42CF41EF573730000A41E /* NSDictionary+LEENSDictionary.m */; };
/* End PBXBuildFile section */

/* Begin PBXFileReference section */
		B7A42CB31EF4F3220000A41E /* LEEAddition.app */ = {isa = PBXFileReference; explicitFileType = wrapper.application; includeInIndex = 0; path = LEEAddition.app; sourceTree = BUILT_PRODUCTS_DIR; };
		B7A42CB71EF4F3220000A41E /* main.m */ = {isa = PBXFileReference; lastKnownFileType = sourcecode.c.objc; path = main.m; sourceTree = "<group>"; };
		B7A42CB91EF4F3220000A41E /* AppDelegate.h */ = {isa = PBXFileReference; lastKnownFileType = sourcecode.c.h; path = AppDelegate.h; sourceTree = "<group>"; };
		B7A42CBA1EF4F3220000A41E /* AppDelegate.m */ = {isa = PBXFileReference; lastKnownFileType = sourcecode.c.objc; path = AppDelegate.m; sourceTree = "<group>"; };
		B7A42CBC1EF4F3220000A41E /* ViewController.h */ = {isa = PBXFileReference; lastKnownFileType = sourcecode.c.h; path = ViewController.h; sourceTree = "<group>"; };
		B7A42CBD1EF4F3220000A41E /* ViewController.m */ = {isa = PBXFileReference; lastKnownFileType = sourcecode.c.objc; path = ViewController.m; sourceTree = "<group>"; };
		B7A42CC01EF4F3220000A41E /* Base */ = {isa = PBXFileReference; lastKnownFileType = file.storyboard; name = Base; path = Base.lproj/Main.storyboard; sourceTree = "<group>"; };
		B7A42CC21EF4F3220000A41E /* Assets.xcassets */ = {isa = PBXFileReference; lastKnownFileType = folder.assetcatalog; path = Assets.xcassets; sourceTree = "<group>"; };
		B7A42CC51EF4F3220000A41E /* Base */ = {isa = PBXFileReference; lastKnownFileType = file.storyboard; name = Base; path = Base.lproj/LaunchScreen.storyboard; sourceTree = "<group>"; };
		B7A42CC71EF4F3220000A41E /* Info.plist */ = {isa = PBXFileReference; lastKnownFileType = text.plist.xml; path = Info.plist; sourceTree = "<group>"; };
		B7A42CCE1EF4F3790000A41E /* LEEAddition.h */ = {isa = PBXFileReference; lastKnownFileType = sourcecode.c.h; path = LEEAddition.h; sourceTree = "<group>"; };
		B7A42CCF1EF4F3BD0000A41E /* UIView+LEEView.h */ = {isa = PBXFileReference; fileEncoding = 4; lastKnownFileType = sourcecode.c.h; path = "UIView+LEEView.h"; sourceTree = "<group>"; };
		B7A42CD01EF4F3BD0000A41E /* UIView+LEEView.m */ = {isa = PBXFileReference; fileEncoding = 4; lastKnownFileType = sourcecode.c.objc; path = "UIView+LEEView.m"; sourceTree = "<group>"; };
		B7A42CD21EF520E20000A41E /* UIScreen+LEEScreen.h */ = {isa = PBXFileReference; fileEncoding = 4; lastKnownFileType = sourcecode.c.h; path = "UIScreen+LEEScreen.h"; sourceTree = "<group>"; };
		B7A42CD31EF520E20000A41E /* UIScreen+LEEScreen.m */ = {isa = PBXFileReference; fileEncoding = 4; lastKnownFileType = sourcecode.c.objc; path = "UIScreen+LEEScreen.m"; sourceTree = "<group>"; };
		B7A42CD51EF521AD0000A41E /* UIColor+LEEColor.h */ = {isa = PBXFileReference; fileEncoding = 4; lastKnownFileType = sourcecode.c.h; path = "UIColor+LEEColor.h"; sourceTree = "<group>"; };
		B7A42CD61EF521AD0000A41E /* UIColor+LEEColor.m */ = {isa = PBXFileReference; fileEncoding = 4; lastKnownFileType = sourcecode.c.objc; path = "UIColor+LEEColor.m"; sourceTree = "<group>"; };
		B7A42CD81EF5235B0000A41E /* UINavigationController+LEENavigationController.h */ = {isa = PBXFileReference; fileEncoding = 4; lastKnownFileType = sourcecode.c.h; path = "UINavigationController+LEENavigationController.h"; sourceTree = "<group>"; };
		B7A42CD91EF5235B0000A41E /* UINavigationController+LEENavigationController.m */ = {isa = PBXFileReference; fileEncoding = 4; lastKnownFileType = sourcecode.c.objc; path = "UINavigationController+LEENavigationController.m"; sourceTree = "<group>"; };
		B7A42CDB1EF524940000A41E /* UITextView+LEETextField.h */ = {isa = PBXFileReference; fileEncoding = 4; lastKnownFileType = sourcecode.c.h; path = "UITextView+LEETextField.h"; sourceTree = "<group>"; };
		B7A42CDC1EF524940000A41E /* UITextView+LEETextField.m */ = {isa = PBXFileReference; fileEncoding = 4; lastKnownFileType = sourcecode.c.objc; path = "UITextView+LEETextField.m"; sourceTree = "<group>"; };
		B7A42CDE1EF52D340000A41E /* UITextField+LEETextField.h */ = {isa = PBXFileReference; fileEncoding = 4; lastKnownFileType = sourcecode.c.h; path = "UITextField+LEETextField.h"; sourceTree = "<group>"; };
		B7A42CDF1EF52D340000A41E /* UITextField+LEETextField.m */ = {isa = PBXFileReference; fileEncoding = 4; lastKnownFileType = sourcecode.c.objc; path = "UITextField+LEETextField.m"; sourceTree = "<group>"; };
		B7A42CE11EF52FA20000A41E /* UILabel+LEELable.h */ = {isa = PBXFileReference; fileEncoding = 4; lastKnownFileType = sourcecode.c.h; path = "UILabel+LEELable.h"; sourceTree = "<group>"; };
		B7A42CE21EF52FA20000A41E /* UILabel+LEELable.m */ = {isa = PBXFileReference; fileEncoding = 4; lastKnownFileType = sourcecode.c.objc; path = "UILabel+LEELable.m"; sourceTree = "<group>"; };
		B7A42CE41EF55C580000A41E /* UIImage+LEEImage.h */ = {isa = PBXFileReference; fileEncoding = 4; lastKnownFileType = sourcecode.c.h; path = "UIImage+LEEImage.h"; sourceTree = "<group>"; };
		B7A42CE51EF55C580000A41E /* UIImage+LEEImage.m */ = {isa = PBXFileReference; fileEncoding = 4; lastKnownFileType = sourcecode.c.objc; path = "UIImage+LEEImage.m"; sourceTree = "<group>"; };
		B7A42CE71EF561720000A41E /* NSString+LEEString.h */ = {isa = PBXFileReference; fileEncoding = 4; lastKnownFileType = sourcecode.c.h; path = "NSString+LEEString.h"; sourceTree = "<group>"; };
		B7A42CE81EF561720000A41E /* NSString+LEEString.m */ = {isa = PBXFileReference; fileEncoding = 4; lastKnownFileType = sourcecode.c.objc; path = "NSString+LEEString.m"; sourceTree = "<group>"; };
		B7A42CEA1EF5685A0000A41E /* NSObject+LEENSObject.h */ = {isa = PBXFileReference; fileEncoding = 4; lastKnownFileType = sourcecode.c.h; path = "NSObject+LEENSObject.h"; sourceTree = "<group>"; };
		B7A42CEB1EF5685A0000A41E /* NSObject+LEENSObject.m */ = {isa = PBXFileReference; fileEncoding = 4; lastKnownFileType = sourcecode.c.objc; path = "NSObject+LEENSObject.m"; sourceTree = "<group>"; };
		B7A42CED1EF569A20000A41E /* NSMutableAttributedString+LEEAttributedString.h */ = {isa = PBXFileReference; fileEncoding = 4; lastKnownFileType = sourcecode.c.h; path = "NSMutableAttributedString+LEEAttributedString.h"; sourceTree = "<group>"; };
		B7A42CEE1EF569A20000A41E /* NSMutableAttributedString+LEEAttributedString.m */ = {isa = PBXFileReference; fileEncoding = 4; lastKnownFileType = sourcecode.c.objc; path = "NSMutableAttributedString+LEEAttributedString.m"; sourceTree = "<group>"; };
		B7A42CF01EF5731D0000A41E /* NSArray+LEENSArray.h */ = {isa = PBXFileReference; fileEncoding = 4; lastKnownFileType = sourcecode.c.h; path = "NSArray+LEENSArray.h"; sourceTree = "<group>"; };
		B7A42CF11EF5731D0000A41E /* NSArray+LEENSArray.m */ = {isa = PBXFileReference; fileEncoding = 4; lastKnownFileType = sourcecode.c.objc; path = "NSArray+LEENSArray.m"; sourceTree = "<group>"; };
		B7A42CF31EF573730000A41E /* NSDictionary+LEENSDictionary.h */ = {isa = PBXFileReference; fileEncoding = 4; lastKnownFileType = sourcecode.c.h; path = "NSDictionary+LEENSDictionary.h"; sourceTree = "<group>"; };
		B7A42CF41EF573730000A41E /* NSDictionary+LEENSDictionary.m */ = {isa = PBXFileReference; fileEncoding = 4; lastKnownFileType = sourcecode.c.objc; path = "NSDictionary+LEENSDictionary.m"; sourceTree = "<group>"; };
/* End PBXFileReference section */

/* Begin PBXFrameworksBuildPhase section */
		B7A42CB01EF4F3220000A41E /* Frameworks */ = {
			isa = PBXFrameworksBuildPhase;
			buildActionMask = 2147483647;
			files = (
			);
			runOnlyForDeploymentPostprocessing = 0;
		};
/* End PBXFrameworksBuildPhase section */

/* Begin PBXGroup section */
		B7A42CAA1EF4F3220000A41E = {
			isa = PBXGroup;
			children = (
				B7A42CB51EF4F3220000A41E /* LEEAddition */,
				B7A42CB41EF4F3220000A41E /* Products */,
			);
			sourceTree = "<group>";
		};
		B7A42CB41EF4F3220000A41E /* Products */ = {
			isa = PBXGroup;
			children = (
				B7A42CB31EF4F3220000A41E /* LEEAddition.app */,
			);
			name = Products;
			sourceTree = "<group>";
		};
		B7A42CB51EF4F3220000A41E /* LEEAddition */ = {
			isa = PBXGroup;
			children = (
				B7A42CCD1EF4F3690000A41E /* LEEAddition */,
				B7A42CB91EF4F3220000A41E /* AppDelegate.h */,
				B7A42CBA1EF4F3220000A41E /* AppDelegate.m */,
				B7A42CBC1EF4F3220000A41E /* ViewController.h */,
				B7A42CBD1EF4F3220000A41E /* ViewController.m */,
				B7A42CBF1EF4F3220000A41E /* Main.storyboard */,
				B7A42CC21EF4F3220000A41E /* Assets.xcassets */,
				B7A42CC41EF4F3220000A41E /* LaunchScreen.storyboard */,
				B7A42CC71EF4F3220000A41E /* Info.plist */,
				B7A42CB61EF4F3220000A41E /* Supporting Files */,
			);
			path = LEEAddition;
			sourceTree = "<group>";
		};
		B7A42CB61EF4F3220000A41E /* Supporting Files */ = {
			isa = PBXGroup;
			children = (
				B7A42CB71EF4F3220000A41E /* main.m */,
			);
			name = "Supporting Files";
			sourceTree = "<group>";
		};
		B7A42CCD1EF4F3690000A41E /* LEEAddition */ = {
			isa = PBXGroup;
			children = (
				B7A42CCE1EF4F3790000A41E /* LEEAddition.h */,
				B7A42CCF1EF4F3BD0000A41E /* UIView+LEEView.h */,
				B7A42CD01EF4F3BD0000A41E /* UIView+LEEView.m */,
				B7A42CD21EF520E20000A41E /* UIScreen+LEEScreen.h */,
				B7A42CD31EF520E20000A41E /* UIScreen+LEEScreen.m */,
				B7A42CD51EF521AD0000A41E /* UIColor+LEEColor.h */,
				B7A42CD61EF521AD0000A41E /* UIColor+LEEColor.m */,
				B7A42CD81EF5235B0000A41E /* UINavigationController+LEENavigationController.h */,
				B7A42CD91EF5235B0000A41E /* UINavigationController+LEENavigationController.m */,
				B7A42CDB1EF524940000A41E /* UITextView+LEETextField.h */,
				B7A42CDC1EF524940000A41E /* UITextView+LEETextField.m */,
				B7A42CDE1EF52D340000A41E /* UITextField+LEETextField.h */,
				B7A42CDF1EF52D340000A41E /* UITextField+LEETextField.m */,
				B7A42CE11EF52FA20000A41E /* UILabel+LEELable.h */,
				B7A42CE21EF52FA20000A41E /* UILabel+LEELable.m */,
				B7A42CE41EF55C580000A41E /* UIImage+LEEImage.h */,
				B7A42CE51EF55C580000A41E /* UIImage+LEEImage.m */,
				B7A42CE71EF561720000A41E /* NSString+LEEString.h */,
				B7A42CE81EF561720000A41E /* NSString+LEEString.m */,
				B7A42CEA1EF5685A0000A41E /* NSObject+LEENSObject.h */,
				B7A42CEB1EF5685A0000A41E /* NSObject+LEENSObject.m */,
				B7A42CED1EF569A20000A41E /* NSMutableAttributedString+LEEAttributedString.h */,
				B7A42CEE1EF569A20000A41E /* NSMutableAttributedString+LEEAttributedString.m */,
				B7A42CF01EF5731D0000A41E /* NSArray+LEENSArray.h */,
				B7A42CF11EF5731D0000A41E /* NSArray+LEENSArray.m */,
				B7A42CF31EF573730000A41E /* NSDictionary+LEENSDictionary.h */,
				B7A42CF41EF573730000A41E /* NSDictionary+LEENSDictionary.m */,
			);
			path = LEEAddition;
			sourceTree = "<group>";
		};
/* End PBXGroup section */

/* Begin PBXNativeTarget section */
		B7A42CB21EF4F3220000A41E /* LEEAddition */ = {
			isa = PBXNativeTarget;
			buildConfigurationList = B7A42CCA1EF4F3220000A41E /* Build configuration list for PBXNativeTarget "LEEAddition" */;
			buildPhases = (
				B7A42CAF1EF4F3220000A41E /* Sources */,
				B7A42CB01EF4F3220000A41E /* Frameworks */,
				B7A42CB11EF4F3220000A41E /* Resources */,
			);
			buildRules = (
			);
			dependencies = (
			);
			name = LEEAddition;
			productName = LEEAddition;
			productReference = B7A42CB31EF4F3220000A41E /* LEEAddition.app */;
			productType = "com.apple.product-type.application";
		};
/* End PBXNativeTarget section */

/* Begin PBXProject section */
		B7A42CAB1EF4F3220000A41E /* Project object */ = {
			isa = PBXProject;
			attributes = {
				LastUpgradeCheck = 0830;
				ORGANIZATIONNAME = lijiangbo;
				TargetAttributes = {
					B7A42CB21EF4F3220000A41E = {
						CreatedOnToolsVersion = 8.3;
						DevelopmentTeam = GGP5472W8N;
						ProvisioningStyle = Automatic;
					};
				};
			};
			buildConfigurationList = B7A42CAE1EF4F3220000A41E /* Build configuration list for PBXProject "LEEAddition" */;
			compatibilityVersion = "Xcode 3.2";
			developmentRegion = English;
			hasScannedForEncodings = 0;
			knownRegions = (
				en,
				Base,
			);
			mainGroup = B7A42CAA1EF4F3220000A41E;
			productRefGroup = B7A42CB41EF4F3220000A41E /* Products */;
			projectDirPath = "";
			projectRoot = "";
			targets = (
				B7A42CB21EF4F3220000A41E /* LEEAddition */,
			);
		};
/* End PBXProject section */

/* Begin PBXResourcesBuildPhase section */
		B7A42CB11EF4F3220000A41E /* Resources */ = {
			isa = PBXResourcesBuildPhase;
			buildActionMask = 2147483647;
			files = (
				B7A42CC61EF4F3220000A41E /* LaunchScreen.storyboard in Resources */,
				B7A42CC31EF4F3220000A41E /* Assets.xcassets in Resources */,
				B7A42CC11EF4F3220000A41E /* Main.storyboard in Resources */,
			);
			runOnlyForDeploymentPostprocessing = 0;
		};
/* End PBXResourcesBuildPhase section */

/* Begin PBXSourcesBuildPhase section */
		B7A42CAF1EF4F3220000A41E /* Sources */ = {
			isa = PBXSourcesBuildPhase;
			buildActionMask = 2147483647;
			files = (
				B7A42CEC1EF5685A0000A41E /* NSObject+LEENSObject.m in Sources */,
				B7A42CD71EF521AD0000A41E /* UIColor+LEEColor.m in Sources */,
				B7A42CE01EF52D340000A41E /* UITextField+LEETextField.m in Sources */,
				B7A42CE31EF52FA20000A41E /* UILabel+LEELable.m in Sources */,
				B7A42CD11EF4F3BD0000A41E /* UIView+LEEView.m in Sources */,
				B7A42CF21EF5731D0000A41E /* NSArray+LEENSArray.m in Sources */,
				B7A42CBE1EF4F3220000A41E /* ViewController.m in Sources */,
				B7A42CD41EF520E20000A41E /* UIScreen+LEEScreen.m in Sources */,
				B7A42CF51EF573730000A41E /* NSDictionary+LEENSDictionary.m in Sources */,
				B7A42CDD1EF524940000A41E /* UITextView+LEETextField.m in Sources */,
				B7A42CE91EF561720000A41E /* NSString+LEEString.m in Sources */,
				B7A42CDA1EF5235B0000A41E /* UINavigationController+LEENavigationController.m in Sources */,
				B7A42CBB1EF4F3220000A41E /* AppDelegate.m in Sources */,
				B7A42CE61EF55C580000A41E /* UIImage+LEEImage.m in Sources */,
				B7A42CEF1EF569A20000A41E /* NSMutableAttributedString+LEEAttributedString.m in Sources */,
				B7A42CB81EF4F3220000A41E /* main.m in Sources */,
			);
			runOnlyForDeploymentPostprocessing = 0;
		};
/* End PBXSourcesBuildPhase section */

/* Begin PBXVariantGroup section */
		B7A42CBF1EF4F3220000A41E /* Main.storyboard */ = {
			isa = PBXVariantGroup;
			children = (
				B7A42CC01EF4F3220000A41E /* Base */,
			);
			name = Main.storyboard;
			sourceTree = "<group>";
		};
		B7A42CC41EF4F3220000A41E /* LaunchScreen.storyboard */ = {
			isa = PBXVariantGroup;
			children = (
				B7A42CC51EF4F3220000A41E /* Base */,
			);
			name = LaunchScreen.storyboard;
			sourceTree = "<group>";
		};
/* End PBXVariantGroup section */

/* Begin XCBuildConfiguration section */
		B7A42CC81EF4F3220000A41E /* Debug */ = {
			isa = XCBuildConfiguration;
			buildSettings = {
				ALWAYS_SEARCH_USER_PATHS = NO;
				CLANG_ANALYZER_NONNULL = YES;
				CLANG_ANALYZER_NUMBER_OBJECT_CONVERSION = YES_AGGRESSIVE;
				CLANG_CXX_LANGUAGE_STANDARD = "gnu++0x";
				CLANG_CXX_LIBRARY = "libc++";
				CLANG_ENABLE_MODULES = YES;
				CLANG_ENABLE_OBJC_ARC = YES;
				CLANG_WARN_BOOL_CONVERSION = YES;
				CLANG_WARN_CONSTANT_CONVERSION = YES;
				CLANG_WARN_DIRECT_OBJC_ISA_USAGE = YES_ERROR;
				CLANG_WARN_DOCUMENTATION_COMMENTS = YES;
				CLANG_WARN_EMPTY_BODY = YES;
				CLANG_WARN_ENUM_CONVERSION = YES;
				CLANG_WARN_INFINITE_RECURSION = YES;
				CLANG_WARN_INT_CONVERSION = YES;
				CLANG_WARN_OBJC_ROOT_CLASS = YES_ERROR;
				CLANG_WARN_SUSPICIOUS_MOVE = YES;
				CLANG_WARN_UNREACHABLE_CODE = YES;
				CLANG_WARN__DUPLICATE_METHOD_MATCH = YES;
				"CODE_SIGN_IDENTITY[sdk=iphoneos*]" = "iPhone Developer";
				COPY_PHASE_STRIP = NO;
				DEBUG_INFORMATION_FORMAT = dwarf;
				ENABLE_STRICT_OBJC_MSGSEND = YES;
				ENABLE_TESTABILITY = YES;
				GCC_C_LANGUAGE_STANDARD = gnu99;
				GCC_DYNAMIC_NO_PIC = NO;
				GCC_NO_COMMON_BLOCKS = YES;
				GCC_OPTIMIZATION_LEVEL = 0;
				GCC_PREPROCESSOR_DEFINITIONS = (
					"DEBUG=1",
					"$(inherited)",
				);
				GCC_WARN_64_TO_32_BIT_CONVERSION = YES;
				GCC_WARN_ABOUT_RETURN_TYPE = YES_ERROR;
				GCC_WARN_UNDECLARED_SELECTOR = YES;
				GCC_WARN_UNINITIALIZED_AUTOS = YES_AGGRESSIVE;
				GCC_WARN_UNUSED_FUNCTION = YES;
				GCC_WARN_UNUSED_VARIABLE = YES;
				IPHONEOS_DEPLOYMENT_TARGET = 10.3;
				MTL_ENABLE_DEBUG_INFO = YES;
				ONLY_ACTIVE_ARCH = YES;
				SDKROOT = iphoneos;
				TARGETED_DEVICE_FAMILY = "1,2";
			};
			name = Debug;
		};
		B7A42CC91EF4F3220000A41E /* Release */ = {
			isa = XCBuildConfiguration;
			buildSettings = {
				ALWAYS_SEARCH_USER_PATHS = NO;
				CLANG_ANALYZER_NONNULL = YES;
				CLANG_ANALYZER_NUMBER_OBJECT_CONVERSION = YES_AGGRESSIVE;
				CLANG_CXX_LANGUAGE_STANDARD = "gnu++0x";
				CLANG_CXX_LIBRARY = "libc++";
				CLANG_ENABLE_MODULES = YES;
				CLANG_ENABLE_OBJC_ARC = YES;
				CLANG_WARN_BOOL_CONVERSION = YES;
				CLANG_WARN_CONSTANT_CONVERSION = YES;
				CLANG_WARN_DIRECT_OBJC_ISA_USAGE = YES_ERROR;
				CLANG_WARN_DOCUMENTATION_COMMENTS = YES;
				CLANG_WARN_EMPTY_BODY = YES;
				CLANG_WARN_ENUM_CONVERSION = YES;
				CLANG_WARN_INFINITE_RECURSION = YES;
				CLANG_WARN_INT_CONVERSION = YES;
				CLANG_WARN_OBJC_ROOT_CLASS = YES_ERROR;
				CLANG_WARN_SUSPICIOUS_MOVE = YES;
				CLANG_WARN_UNREACHABLE_CODE = YES;
				CLANG_WARN__DUPLICATE_METHOD_MATCH = YES;
				"CODE_SIGN_IDENTITY[sdk=iphoneos*]" = "iPhone Developer";
				COPY_PHASE_STRIP = NO;
				DEBUG_INFORMATION_FORMAT = "dwarf-with-dsym";
				ENABLE_NS_ASSERTIONS = NO;
				ENABLE_STRICT_OBJC_MSGSEND = YES;
				GCC_C_LANGUAGE_STANDARD = gnu99;
				GCC_NO_COMMON_BLOCKS = YES;
				GCC_WARN_64_TO_32_BIT_CONVERSION = YES;
				GCC_WARN_ABOUT_RETURN_TYPE = YES_ERROR;
				GCC_WARN_UNDECLARED_SELECTOR = YES;
				GCC_WARN_UNINITIALIZED_AUTOS = YES_AGGRESSIVE;
				GCC_WARN_UNUSED_FUNCTION = YES;
				GCC_WARN_UNUSED_VARIABLE = YES;
				IPHONEOS_DEPLOYMENT_TARGET = 10.3;
				MTL_ENABLE_DEBUG_INFO = NO;
				SDKROOT = iphoneos;
				TARGETED_DEVICE_FAMILY = "1,2";
				VALIDATE_PRODUCT = YES;
			};
			name = Release;
		};
		B7A42CCB1EF4F3220000A41E /* Debug */ = {
			isa = XCBuildConfiguration;
			buildSettings = {
				ASSETCATALOG_COMPILER_APPICON_NAME = AppIcon;
				DEVELOPMENT_TEAM = GGP5472W8N;
				INFOPLIST_FILE = LEEAddition/Info.plist;
				LD_RUNPATH_SEARCH_PATHS = "$(inherited) @executable_path/Frameworks";
				PRODUCT_BUNDLE_IDENTIFIER = cn.lijiangbo.LEEAddition;
				PRODUCT_NAME = "$(TARGET_NAME)";
			};
			name = Debug;
		};
		B7A42CCC1EF4F3220000A41E /* Release */ = {
			isa = XCBuildConfiguration;
			buildSettings = {
				ASSETCATALOG_COMPILER_APPICON_NAME = AppIcon;
				DEVELOPMENT_TEAM = GGP5472W8N;
				INFOPLIST_FILE = LEEAddition/Info.plist;
				LD_RUNPATH_SEARCH_PATHS = "$(inherited) @executable_path/Frameworks";
				PRODUCT_BUNDLE_IDENTIFIER = cn.lijiangbo.LEEAddition;
				PRODUCT_NAME = "$(TARGET_NAME)";
			};
			name = Release;
		};
/* End XCBuildConfiguration section */

/* Begin XCConfigurationList section */
		B7A42CAE1EF4F3220000A41E /* Build configuration list for PBXProject "LEEAddition" */ = {
			isa = XCConfigurationList;
			buildConfigurations = (
				B7A42CC81EF4F3220000A41E /* Debug */,
				B7A42CC91EF4F3220000A41E /* Release */,
			);
			defaultConfigurationIsVisible = 0;
			defaultConfigurationName = Release;
		};
		B7A42CCA1EF4F3220000A41E /* Build configuration list for PBXNativeTarget "LEEAddition" */ = {
			isa = XCConfigurationList;
			buildConfigurations = (
				B7A42CCB1EF4F3220000A41E /* Debug */,
				B7A42CCC1EF4F3220000A41E /* Release */,
			);
			defaultConfigurationIsVisible = 0;
			defaultConfigurationName = Release;
		};
/* End XCConfigurationList section */
	};
	rootObject = B7A42CAB1EF4F3220000A41E /* Project object */;
}
